
Microsoft Visual Studio Solution File, Format Version 12.00
# Visual Studio Version 16
VisualStudioVersion = 16.0.30413.136
MinimumVisualStudioVersion = 10.0.40219.1
Project("{FAE04EC0-301F-11D3-BF4B-00C04F79EFBC}") = "CitraDigitalAndroid.Android", "CitraDigitalAndroid\CitraDigitalAndroid.Android\CitraDigitalAndroid.Android.csproj", "{7D8F6E00-9F7C-44E4-A253-9658096F6EF6}"
EndProject
Project("{FAE04EC0-301F-11D3-BF4B-00C04F79EFBC}") = "CitraDigitalAndroid", "CitraDigitalAndroid\CitraDigitalAndroid\CitraDigitalAndroid.csproj", "{BA03A319-D28B-45F2-A750-0CDF0AD4DCCD}"
EndProject
Global
	GlobalSection(SolutionConfigurationPlatforms) = preSolution
		Debug|Any CPU = Debug|Any CPU
		Release|Any CPU = Release|Any CPU
	EndGlobalSection
	GlobalSection(ProjectConfigurationPlatforms) = postSolution
		{7D8F6E00-9F7C-44E4-A253-9658096F6EF6}.Debug|Any CPU.ActiveCfg = Debug|Any CPU
		{7D8F6E00-9F7C-44E4-A253-9658096F6EF6}.Debug|Any CPU.Build.0 = Debug|Any CPU
		{7D8F6E00-9F7C-44E4-A253-9658096F6EF6}.Debug|Any CPU.Deploy.0 = Debug|Any CPU
		{7D8F6E00-9F7C-44E4-A253-9658096F6EF6}.Release|Any CPU.ActiveCfg = Release|Any CPU
		{7D8F6E00-9F7C-44E4-A253-9658096F6EF6}.Release|Any CPU.Build.0 = Release|Any CPU
		{7D8F6E00-9F7C-44E4-A253-9658096F6EF6}.Release|Any CPU.Deploy.0 = Release|Any CPU
		{BA03A319-D28B-45F2-A750-0CDF0AD4DCCD}.Debug|Any CPU.ActiveCfg = Debug|Any CPU
		{BA03A319-D28B-45F2-A750-0CDF0AD4DCCD}.Debug|Any CPU.Build.0 = Debug|Any CPU
		{BA03A319-D28B-45F2-A750-0CDF0AD4DCCD}.Debug|Any CPU.Deploy.0 = Debug|Any CPU
		{BA03A319-D28B-45F2-A750-0CDF0AD4DCCD}.Release|Any CPU.ActiveCfg = Release|Any CPU
		{BA03A319-D28B-45F2-A750-0CDF0AD4DCCD}.Release|Any CPU.Build.0 = Release|Any CPU
		{BA03A319-D28B-45F2-A750-0CDF0AD4DCCD}.Release|Any CPU.Deploy.0 = Release|Any CPU
	EndGlobalSection
	GlobalSection(SolutionProperties) = preSolution
		HideSolutionNode = FALSE
	EndGlobalSection
	GlobalSection(ExtensibilityGlobals) = postSolution
		SolutionGuid = {247C86B0-3E92-4D1E-A487-F0DF6301C9CC}
	EndGlobalSection
EndGlobal
